{
  "version": 4,
  "terraform_version": "1.2.3",
  "serial": 337,
  "lineage": "3cd0fc79-087c-5729-9d14-1c006aea243d",
  "outputs": {
    "webapp-ip": {
      "value": [
        "54.167.235.53"
      ],
      "type": [
        "tuple",
        [
          "string"
        ]
      ]
    }
  },
  "resources": [
    {
      "mode": "data",
      "type": "aws_eip",
      "name": "sensor_ip",
      "provider": "provider[\"registry.terraform.io/hashicorp/aws\"]",
      "instances": [
        {
          "schema_version": 0,
          "attributes": {
            "association_id": "eipassoc-007b482e204758754",
            "carrier_ip": "",
            "customer_owned_ip": "",
            "customer_owned_ipv4_pool": "",
            "domain": "vpc",
            "filter": null,
            "id": "eipalloc-032d9bddab8733a71",
            "instance_id": "i-0f91b6bd1c1efc00d",
            "network_interface_id": "eni-0df441717023bd4ee",
            "network_interface_owner_id": "487173517556",
            "private_dns": "ip-10-0-1-180.ec2.internal",
            "private_ip": "10.0.1.180",
            "public_dns": "ec2-3-89-77-39.compute-1.amazonaws.com",
            "public_ip": "3.89.77.39",
            "public_ipv4_pool": "amazon",
            "tags": {}
          },
          "sensitive_attributes": []
        }
      ]
    },
    {
      "mode": "data",
      "type": "aws_eip",
      "name": "static_ip",
      "provider": "provider[\"registry.terraform.io/hashicorp/aws\"]",
      "instances": [
        {
          "schema_version": 0,
          "attributes": {
            "association_id": "eipassoc-0d9bb97e7eaa06f67",
            "carrier_ip": "",
            "customer_owned_ip": "",
            "customer_owned_ipv4_pool": "",
            "domain": "vpc",
            "filter": null,
            "id": "eipalloc-07f423f493712623f",
            "instance_id": "i-0a1779f87b6b2fc53",
            "network_interface_id": "eni-0e313db96f549daba",
            "network_interface_owner_id": "487173517556",
            "private_dns": "ip-10-0-1-51.ec2.internal",
            "private_ip": "10.0.1.51",
            "public_dns": "ec2-54-167-235-53.compute-1.amazonaws.com",
            "public_ip": "54.167.235.53",
            "public_ipv4_pool": "amazon",
            "tags": {}
          },
          "sensitive_attributes": []
        }
      ]
    },
    {
      "mode": "managed",
      "type": "aws_ebs_volume",
      "name": "webapp-data",
      "provider": "provider[\"registry.terraform.io/hashicorp/aws\"]",
      "instances": [
        {
          "schema_version": 0,
          "attributes": {
            "arn": "arn:aws:ec2:us-east-1:487173517556:volume/vol-030bec5c32364c621",
            "availability_zone": "us-east-1a",
            "encrypted": false,
            "final_snapshot": false,
            "id": "vol-030bec5c32364c621",
            "iops": 100,
            "kms_key_id": "",
            "multi_attach_enabled": false,
            "outpost_arn": "",
            "size": 20,
            "snapshot_id": "",
            "tags": {
              "Environment": "production",
              "Project": "webapp"
            },
            "tags_all": {
              "Environment": "production",
              "Project": "webapp"
            },
            "throughput": 0,
            "timeouts": null,
            "type": "gp2"
          },
          "sensitive_attributes": [],
          "private": "eyJlMmJmYjczMC1lY2FhLTExZTYtOGY4OC0zNDM2M2JjN2M0YzAiOnsiY3JlYXRlIjozMDAwMDAwMDAwMDAsImRlbGV0ZSI6MzAwMDAwMDAwMDAwLCJ1cGRhdGUiOjMwMDAwMDAwMDAwMH19"
        }
      ]
    },
    {
      "mode": "managed",
      "type": "aws_ec2_traffic_mirror_filter",
      "name": "filter",
      "provider": "provider[\"registry.terraform.io/hashicorp/aws\"]",
      "instances": [
        {
          "schema_version": 0,
          "attributes": {
            "arn": "arn:aws:ec2:us-east-1:487173517556:traffic-mirror-filter/tmf-04c499d42c7f35661",
            "description": "traffic mirror filter - salt task",
            "id": "tmf-04c499d42c7f35661",
            "network_services": [
              "amazon-dns"
            ],
            "tags": {},
            "tags_all": {}
          },
          "sensitive_attributes": [],
          "private": "bnVsbA=="
        }
      ]
    },
    {
      "mode": "managed",
      "type": "aws_ec2_traffic_mirror_filter_rule",
      "name": "ruleout",
      "provider": "provider[\"registry.terraform.io/hashicorp/aws\"]",
      "instances": [
        {
          "schema_version": 0,
          "attributes": {
            "arn": "arn:aws:ec2:us-east-1:487173517556:traffic-mirror-filter-rule/tmfr-0b3979a9b59f6084a",
            "description": "Outbound calls to port 80",
            "destination_cidr_block": "0.0.0.0/0",
            "destination_port_range": [
              {
                "from_port": 0,
                "to_port": 80
              }
            ],
            "id": "tmfr-0b3979a9b59f6084a",
            "protocol": 6,
            "rule_action": "accept",
            "rule_number": 1,
            "source_cidr_block": "0.0.0.0/0",
            "source_port_range": [],
            "traffic_direction": "egress",
            "traffic_mirror_filter_id": "tmf-04c499d42c7f35661"
          },
          "sensitive_attributes": [],
          "private": "bnVsbA==",
          "dependencies": [
            "aws_ec2_traffic_mirror_filter.filter"
          ]
        }
      ]
    },
    {
      "mode": "managed",
      "type": "aws_ec2_traffic_mirror_session",
      "name": "session",
      "provider": "provider[\"registry.terraform.io/hashicorp/aws\"]",
      "instances": [
        {
          "schema_version": 0,
          "attributes": {
            "arn": "arn:aws:ec2:us-east-1:487173517556:traffic-mirror-session/tms-0eaa3eecf40fb3a2a",
            "description": "traffic mirror session - salt task",
            "id": "tms-0eaa3eecf40fb3a2a",
            "network_interface_id": "eni-0e313db96f549daba",
            "owner_id": "487173517556",
            "packet_length": 0,
            "session_number": 1,
            "tags": {},
            "tags_all": {},
            "traffic_mirror_filter_id": "tmf-04c499d42c7f35661",
            "traffic_mirror_target_id": "tmt-0abfed37d725d653f",
            "virtual_network_id": 16030794
          },
          "sensitive_attributes": [],
          "private": "bnVsbA==",
          "dependencies": [
            "aws_ec2_traffic_mirror_filter.filter",
            "aws_ec2_traffic_mirror_target.target",
            "aws_instance.sensor-instance",
            "aws_instance.webapp-instance",
            "aws_key_pair.deployer",
            "aws_security_group.webapp-securitygroup",
            "aws_subnet.public-subnet-1",
            "aws_vpc.private-cloud"
          ]
        }
      ]
    },
    {
      "mode": "managed",
      "type": "aws_ec2_traffic_mirror_target",
      "name": "target",
      "provider": "provider[\"registry.terraform.io/hashicorp/aws\"]",
      "instances": [
        {
          "schema_version": 0,
          "attributes": {
            "arn": "arn:aws:ec2:us-east-1:487173517556:traffic-mirror-target/tmt-0abfed37d725d653f",
            "description": "",
            "id": "tmt-0abfed37d725d653f",
            "network_interface_id": "eni-0df441717023bd4ee",
            "network_load_balancer_arn": "",
            "owner_id": "487173517556",
            "tags": {},
            "tags_all": {}
          },
          "sensitive_attributes": [],
          "private": "bnVsbA==",
          "dependencies": [
            "aws_instance.sensor-instance",
            "aws_key_pair.deployer",
            "aws_security_group.webapp-securitygroup",
            "aws_subnet.public-subnet-1",
            "aws_vpc.private-cloud"
          ]
        }
      ]
    },
    {
      "mode": "managed",
      "type": "aws_eip_association",
      "name": "eip_assoc",
      "provider": "provider[\"registry.terraform.io/hashicorp/aws\"]",
      "instances": [
        {
          "schema_version": 0,
          "attributes": {
            "allocation_id": "eipalloc-07f423f493712623f",
            "allow_reassociation": null,
            "id": "eipassoc-0d9bb97e7eaa06f67",
            "instance_id": "i-0a1779f87b6b2fc53",
            "network_interface_id": "eni-0e313db96f549daba",
            "private_ip_address": "10.0.1.51",
            "public_ip": "54.167.235.53"
          },
          "sensitive_attributes": [],
          "private": "bnVsbA==",
          "dependencies": [
            "aws_instance.webapp-instance",
            "aws_key_pair.deployer",
            "aws_security_group.webapp-securitygroup",
            "aws_subnet.public-subnet-1",
            "aws_vpc.private-cloud",
            "data.aws_eip.static_ip"
          ]
        }
      ]
    },
    {
      "mode": "managed",
      "type": "aws_eip_association",
      "name": "sensor_eip_assoc",
      "provider": "provider[\"registry.terraform.io/hashicorp/aws\"]",
      "instances": [
        {
          "schema_version": 0,
          "attributes": {
            "allocation_id": "eipalloc-032d9bddab8733a71",
            "allow_reassociation": null,
            "id": "eipassoc-007b482e204758754",
            "instance_id": "i-0f91b6bd1c1efc00d",
            "network_interface_id": "eni-0df441717023bd4ee",
            "private_ip_address": "10.0.1.180",
            "public_ip": "3.89.77.39"
          },
          "sensitive_attributes": [],
          "private": "bnVsbA==",
          "dependencies": [
            "aws_instance.sensor-instance",
            "aws_key_pair.deployer",
            "aws_security_group.webapp-securitygroup",
            "aws_subnet.public-subnet-1",
            "aws_vpc.private-cloud",
            "data.aws_eip.sensor_ip"
          ]
        }
      ]
    },
    {
      "mode": "managed",
      "type": "aws_instance",
      "name": "sensor-instance",
      "provider": "provider[\"registry.terraform.io/hashicorp/aws\"]",
      "instances": [
        {
          "schema_version": 1,
          "attributes": {
            "ami": "ami-052efd3df9dad4825",
            "arn": "arn:aws:ec2:us-east-1:487173517556:instance/i-0f91b6bd1c1efc00d",
            "associate_public_ip_address": true,
            "availability_zone": "us-east-1a",
            "capacity_reservation_specification": [
              {
                "capacity_reservation_preference": "open",
                "capacity_reservation_target": []
              }
            ],
            "cpu_core_count": 1,
            "cpu_threads_per_core": 2,
            "credit_specification": [
              {
                "cpu_credits": "unlimited"
              }
            ],
            "disable_api_stop": false,
            "disable_api_termination": false,
            "ebs_block_device": [],
            "ebs_optimized": false,
            "enclave_options": [
              {
                "enabled": false
              }
            ],
            "ephemeral_block_device": [],
            "get_password_data": false,
            "hibernation": false,
            "host_id": null,
            "iam_instance_profile": "",
            "id": "i-0f91b6bd1c1efc00d",
            "instance_initiated_shutdown_behavior": "stop",
            "instance_state": "running",
            "instance_type": "t3.micro",
            "ipv6_address_count": 0,
            "ipv6_addresses": [],
            "key_name": "deployer-key",
            "launch_template": [],
            "maintenance_options": [
              {
                "auto_recovery": "default"
              }
            ],
            "metadata_options": [
              {
                "http_endpoint": "enabled",
                "http_put_response_hop_limit": 1,
                "http_tokens": "optional",
                "instance_metadata_tags": "disabled"
              }
            ],
            "monitoring": false,
            "network_interface": [],
            "outpost_arn": "",
            "password_data": "",
            "placement_group": "",
            "placement_partition_number": null,
            "primary_network_interface_id": "eni-0df441717023bd4ee",
            "private_dns": "ip-10-0-1-180.ec2.internal",
            "private_dns_name_options": [
              {
                "enable_resource_name_dns_a_record": false,
                "enable_resource_name_dns_aaaa_record": false,
                "hostname_type": "ip-name"
              }
            ],
            "private_ip": "10.0.1.180",
            "public_dns": "ec2-3-89-77-39.compute-1.amazonaws.com",
            "public_ip": "3.89.77.39",
            "root_block_device": [
              {
                "delete_on_termination": true,
                "device_name": "/dev/sda1",
                "encrypted": false,
                "iops": 100,
                "kms_key_id": "",
                "tags": {},
                "throughput": 0,
                "volume_id": "vol-02949ec4845bd8867",
                "volume_size": 8,
                "volume_type": "gp2"
              }
            ],
            "secondary_private_ips": [],
            "security_groups": [],
            "source_dest_check": true,
            "subnet_id": "subnet-0ed3f18c9569ab765",
            "tags": {
              "Environment": "production",
              "Project": "webapp"
            },
            "tags_all": {
              "Environment": "production",
              "Project": "webapp"
            },
            "tenancy": "default",
            "timeouts": null,
            "user_data": "bfbae29cdb3cb47fa5571a2c8e5d4c5187c8421b",
            "user_data_base64": null,
            "user_data_replace_on_change": false,
            "volume_tags": null,
            "vpc_security_group_ids": [
              "sg-0855b18921d6a3136"
            ]
          },
          "sensitive_attributes": [],
          "private": "eyJlMmJmYjczMC1lY2FhLTExZTYtOGY4OC0zNDM2M2JjN2M0YzAiOnsiY3JlYXRlIjo2MDAwMDAwMDAwMDAsImRlbGV0ZSI6MTIwMDAwMDAwMDAwMCwidXBkYXRlIjo2MDAwMDAwMDAwMDB9LCJzY2hlbWFfdmVyc2lvbiI6IjEifQ==",
          "dependencies": [
            "aws_key_pair.deployer",
            "aws_security_group.webapp-securitygroup",
            "aws_subnet.public-subnet-1",
            "aws_vpc.private-cloud"
          ]
        }
      ]
    },
    {
      "mode": "managed",
      "type": "aws_instance",
      "name": "webapp-instance",
      "provider": "provider[\"registry.terraform.io/hashicorp/aws\"]",
      "instances": [
        {
          "schema_version": 1,
          "attributes": {
            "ami": "ami-052efd3df9dad4825",
            "arn": "arn:aws:ec2:us-east-1:487173517556:instance/i-0a1779f87b6b2fc53",
            "associate_public_ip_address": true,
            "availability_zone": "us-east-1a",
            "capacity_reservation_specification": [
              {
                "capacity_reservation_preference": "open",
                "capacity_reservation_target": []
              }
            ],
            "cpu_core_count": 1,
            "cpu_threads_per_core": 2,
            "credit_specification": [
              {
                "cpu_credits": "unlimited"
              }
            ],
            "disable_api_stop": false,
            "disable_api_termination": false,
            "ebs_block_device": [
              {
                "delete_on_termination": false,
                "device_name": "/dev/xvdh",
                "encrypted": false,
                "iops": 100,
                "kms_key_id": "",
                "snapshot_id": "",
                "tags": {
                  "Environment": "production",
                  "Project": "webapp"
                },
                "throughput": 0,
                "volume_id": "vol-030bec5c32364c621",
                "volume_size": 20,
                "volume_type": "gp2"
              }
            ],
            "ebs_optimized": false,
            "enclave_options": [
              {
                "enabled": false
              }
            ],
            "ephemeral_block_device": [],
            "get_password_data": false,
            "hibernation": false,
            "host_id": null,
            "iam_instance_profile": "",
            "id": "i-0a1779f87b6b2fc53",
            "instance_initiated_shutdown_behavior": "stop",
            "instance_state": "running",
            "instance_type": "t3.micro",
            "ipv6_address_count": 0,
            "ipv6_addresses": [],
            "key_name": "deployer-key",
            "launch_template": [],
            "maintenance_options": [
              {
                "auto_recovery": "default"
              }
            ],
            "metadata_options": [
              {
                "http_endpoint": "enabled",
                "http_put_response_hop_limit": 1,
                "http_tokens": "optional",
                "instance_metadata_tags": "disabled"
              }
            ],
            "monitoring": false,
            "network_interface": [],
            "outpost_arn": "",
            "password_data": "",
            "placement_group": "",
            "placement_partition_number": null,
            "primary_network_interface_id": "eni-0e313db96f549daba",
            "private_dns": "ip-10-0-1-51.ec2.internal",
            "private_dns_name_options": [
              {
                "enable_resource_name_dns_a_record": false,
                "enable_resource_name_dns_aaaa_record": false,
                "hostname_type": "ip-name"
              }
            ],
            "private_ip": "10.0.1.51",
            "public_dns": "ec2-54-167-235-53.compute-1.amazonaws.com",
            "public_ip": "54.167.235.53",
            "root_block_device": [
              {
                "delete_on_termination": true,
                "device_name": "/dev/sda1",
                "encrypted": false,
                "iops": 100,
                "kms_key_id": "",
                "tags": {},
                "throughput": 0,
                "volume_id": "vol-092ab1f2be08ce90b",
                "volume_size": 8,
                "volume_type": "gp2"
              }
            ],
            "secondary_private_ips": [],
            "security_groups": [],
            "source_dest_check": true,
            "subnet_id": "subnet-0ed3f18c9569ab765",
            "tags": {
              "Environment": "production",
              "Project": "webapp"
            },
            "tags_all": {
              "Environment": "production",
              "Project": "webapp"
            },
            "tenancy": "default",
            "timeouts": null,
            "user_data": "629652ab297ed2808bd611fea4db03c342dc66cd",
            "user_data_base64": null,
            "user_data_replace_on_change": false,
            "volume_tags": null,
            "vpc_security_group_ids": [
              "sg-0855b18921d6a3136"
            ]
          },
          "sensitive_attributes": [],
          "private": "eyJlMmJmYjczMC1lY2FhLTExZTYtOGY4OC0zNDM2M2JjN2M0YzAiOnsiY3JlYXRlIjo2MDAwMDAwMDAwMDAsImRlbGV0ZSI6MTIwMDAwMDAwMDAwMCwidXBkYXRlIjo2MDAwMDAwMDAwMDB9LCJzY2hlbWFfdmVyc2lvbiI6IjEifQ==",
          "dependencies": [
            "aws_key_pair.deployer",
            "aws_security_group.webapp-securitygroup",
            "aws_subnet.public-subnet-1",
            "aws_vpc.private-cloud"
          ]
        }
      ]
    },
    {
      "mode": "managed",
      "type": "aws_internet_gateway",
      "name": "main-gw",
      "provider": "provider[\"registry.terraform.io/hashicorp/aws\"]",
      "instances": [
        {
          "schema_version": 0,
          "attributes": {
            "arn": "arn:aws:ec2:us-east-1:487173517556:internet-gateway/igw-0c37690d710716336",
            "id": "igw-0c37690d710716336",
            "owner_id": "487173517556",
            "tags": {
              "Environment": "production",
              "Project": "webapp"
            },
            "tags_all": {
              "Environment": "production",
              "Project": "webapp"
            },
            "vpc_id": "vpc-048267ce7238d3fa6"
          },
          "sensitive_attributes": [],
          "private": "bnVsbA==",
          "dependencies": [
            "aws_vpc.private-cloud"
          ]
        }
      ]
    },
    {
      "mode": "managed",
      "type": "aws_key_pair",
      "name": "deployer",
      "provider": "provider[\"registry.terraform.io/hashicorp/aws\"]",
      "instances": [
        {
          "schema_version": 1,
          "attributes": {
            "arn": "arn:aws:ec2:us-east-1:487173517556:key-pair/deployer-key",
            "fingerprint": "42:5d:4d:69:91:86:c8:49:c1:40:ba:af:c3:6b:6b:46",
            "id": "deployer-key",
            "key_name": "deployer-key",
            "key_name_prefix": "",
            "key_pair_id": "key-0daa96123d0c8eca9",
            "public_key": "ssh-rsa AAAAB3NzaC1yc2EAAAADAQABAAABAQCohqngBhm7TYBv+LXbsbHEHJiVkySAeegVbjqZK6XUR3r/KHRymB19+EXWyPHF5LBes3HBb7CbVr+LcyzCPsIYnaAMdm9C2edVbPQlQxc2lKtDBt+vxGX3rdg0ccEu1Qpt534+z3bhMW6kyXl9GGbLHstXfd+HuBYcvHtInoS/IbDhPy3sT2PDP6MTUvFFzxV/OB3mEp31DUNNpY1BLG8I8OL6v0L4lo1UhlwIgoyDm/4e/Rq0mTZBnKz1mcsMpEx3LQrZwUpBApEyS+3weGVC7jmBtSoRvcklHtS0YQG78h5TFaiEJ7qjo3qTZTGdfWMFn2d3mYW0v1AFJPW8uF8D vbhat@blr-mp1ou",
            "tags": {},
            "tags_all": {}
          },
          "sensitive_attributes": [],
          "private": "eyJzY2hlbWFfdmVyc2lvbiI6IjEifQ=="
        }
      ]
    },
    {
      "mode": "managed",
      "type": "aws_route_table",
      "name": "main-route",
      "provider": "provider[\"registry.terraform.io/hashicorp/aws\"]",
      "instances": [
        {
          "schema_version": 0,
          "attributes": {
            "arn": "arn:aws:ec2:us-east-1:487173517556:route-table/rtb-00a39ef47b9dfc43d",
            "id": "rtb-00a39ef47b9dfc43d",
            "owner_id": "487173517556",
            "propagating_vgws": [],
            "route": [
              {
                "carrier_gateway_id": "",
                "cidr_block": "0.0.0.0/0",
                "core_network_arn": "",
                "destination_prefix_list_id": "",
                "egress_only_gateway_id": "",
                "gateway_id": "igw-0c37690d710716336",
                "instance_id": "",
                "ipv6_cidr_block": "",
                "local_gateway_id": "",
                "nat_gateway_id": "",
                "network_interface_id": "",
                "transit_gateway_id": "",
                "vpc_endpoint_id": "",
                "vpc_peering_connection_id": ""
              }
            ],
            "tags": {
              "Environment": "production",
              "Project": "webapp"
            },
            "tags_all": {
              "Environment": "production",
              "Project": "webapp"
            },
            "timeouts": null,
            "vpc_id": "vpc-048267ce7238d3fa6"
          },
          "sensitive_attributes": [],
          "private": "eyJlMmJmYjczMC1lY2FhLTExZTYtOGY4OC0zNDM2M2JjN2M0YzAiOnsiY3JlYXRlIjozMDAwMDAwMDAwMDAsImRlbGV0ZSI6MzAwMDAwMDAwMDAwLCJ1cGRhdGUiOjEyMDAwMDAwMDAwMH19",
          "dependencies": [
            "aws_internet_gateway.main-gw",
            "aws_vpc.private-cloud"
          ]
        }
      ]
    },
    {
      "mode": "managed",
      "type": "aws_route_table_association",
      "name": "public-subnet-link",
      "provider": "provider[\"registry.terraform.io/hashicorp/aws\"]",
      "instances": [
        {
          "schema_version": 0,
          "attributes": {
            "gateway_id": "",
            "id": "rtbassoc-09e566bb42c3e9235",
            "route_table_id": "rtb-00a39ef47b9dfc43d",
            "subnet_id": "subnet-0ed3f18c9569ab765"
          },
          "sensitive_attributes": [],
          "private": "bnVsbA==",
          "dependencies": [
            "aws_internet_gateway.main-gw",
            "aws_route_table.main-route",
            "aws_subnet.public-subnet-1",
            "aws_vpc.private-cloud"
          ]
        }
      ]
    },
    {
      "mode": "managed",
      "type": "aws_security_group",
      "name": "sensor-securitygroup",
      "provider": "provider[\"registry.terraform.io/hashicorp/aws\"]",
      "instances": [
        {
          "schema_version": 1,
          "attributes": {
            "arn": "arn:aws:ec2:us-east-1:487173517556:security-group/sg-01e4b15b03baa13e2",
            "description": "security group that allows access from webserver",
            "egress": [
              {
                "cidr_blocks": [
                  "0.0.0.0/0"
                ],
                "description": "",
                "from_port": 0,
                "ipv6_cidr_blocks": [],
                "prefix_list_ids": [],
                "protocol": "-1",
                "security_groups": [],
                "self": false,
                "to_port": 0
              }
            ],
            "id": "sg-01e4b15b03baa13e2",
            "ingress": [
              {
                "cidr_blocks": [
                  "0.0.0.0/0"
                ],
                "description": "",
                "from_port": 4789,
                "ipv6_cidr_blocks": [],
                "prefix_list_ids": [],
                "protocol": "udp",
                "security_groups": [],
                "self": false,
                "to_port": 4789
              },
              {
                "cidr_blocks": [],
                "description": null,
                "from_port": 0,
                "ipv6_cidr_blocks": [],
                "prefix_list_ids": [],
                "protocol": "-1",
                "security_groups": [
                  "sg-0855b18921d6a3136"
                ],
                "self": false,
                "to_port": 0
              }
            ],
            "name": "sensor-securitygroup",
            "name_prefix": "",
            "owner_id": "487173517556",
            "revoke_rules_on_delete": false,
            "tags": {
              "Environment": "production",
              "Project": "webapp"
            },
            "tags_all": {
              "Environment": "production",
              "Project": "webapp"
            },
            "timeouts": null,
            "vpc_id": "vpc-048267ce7238d3fa6"
          },
          "sensitive_attributes": [],
          "private": "eyJlMmJmYjczMC1lY2FhLTExZTYtOGY4OC0zNDM2M2JjN2M0YzAiOnsiY3JlYXRlIjo2MDAwMDAwMDAwMDAsImRlbGV0ZSI6OTAwMDAwMDAwMDAwfSwic2NoZW1hX3ZlcnNpb24iOiIxIn0=",
          "dependencies": [
            "aws_security_group.webapp-securitygroup",
            "aws_vpc.private-cloud"
          ]
        }
      ]
    },
    {
      "mode": "managed",
      "type": "aws_security_group",
      "name": "webapp-securitygroup",
      "provider": "provider[\"registry.terraform.io/hashicorp/aws\"]",
      "instances": [
        {
          "schema_version": 1,
          "attributes": {
            "arn": "arn:aws:ec2:us-east-1:487173517556:security-group/sg-0855b18921d6a3136",
            "description": "security group that allows ssh and all egress traffic",
            "egress": [
              {
                "cidr_blocks": [
                  "0.0.0.0/0"
                ],
                "description": "",
                "from_port": 0,
                "ipv6_cidr_blocks": [],
                "prefix_list_ids": [],
                "protocol": "-1",
                "security_groups": [],
                "self": false,
                "to_port": 0
              }
            ],
            "id": "sg-0855b18921d6a3136",
            "ingress": [
              {
                "cidr_blocks": [
                  "0.0.0.0/0"
                ],
                "description": "",
                "from_port": 22,
                "ipv6_cidr_blocks": [],
                "prefix_list_ids": [],
                "protocol": "tcp",
                "security_groups": [],
                "self": false,
                "to_port": 22
              },
              {
                "cidr_blocks": [
                  "0.0.0.0/0"
                ],
                "description": "",
                "from_port": 443,
                "ipv6_cidr_blocks": [],
                "prefix_list_ids": [],
                "protocol": "tcp",
                "security_groups": [],
                "self": false,
                "to_port": 443
              },
              {
                "cidr_blocks": [
                  "0.0.0.0/0"
                ],
                "description": "",
                "from_port": 80,
                "ipv6_cidr_blocks": [],
                "prefix_list_ids": [],
                "protocol": "tcp",
                "security_groups": [],
                "self": false,
                "to_port": 80
              }
            ],
            "name": "webapp-securitygroup",
            "name_prefix": "",
            "owner_id": "487173517556",
            "revoke_rules_on_delete": false,
            "tags": {
              "Environment": "production",
              "Project": "webapp"
            },
            "tags_all": {
              "Environment": "production",
              "Project": "webapp"
            },
            "timeouts": null,
            "vpc_id": "vpc-048267ce7238d3fa6"
          },
          "sensitive_attributes": [],
          "private": "eyJlMmJmYjczMC1lY2FhLTExZTYtOGY4OC0zNDM2M2JjN2M0YzAiOnsiY3JlYXRlIjo2MDAwMDAwMDAwMDAsImRlbGV0ZSI6OTAwMDAwMDAwMDAwfSwic2NoZW1hX3ZlcnNpb24iOiIxIn0=",
          "dependencies": [
            "aws_vpc.private-cloud"
          ]
        }
      ]
    },
    {
      "mode": "managed",
      "type": "aws_subnet",
      "name": "private-subnet-1",
      "provider": "provider[\"registry.terraform.io/hashicorp/aws\"]",
      "instances": [
        {
          "schema_version": 1,
          "attributes": {
            "arn": "arn:aws:ec2:us-east-1:487173517556:subnet/subnet-0deb10ba94e303cea",
            "assign_ipv6_address_on_creation": false,
            "availability_zone": "us-east-1a",
            "availability_zone_id": "use1-az6",
            "cidr_block": "10.0.2.0/24",
            "customer_owned_ipv4_pool": "",
            "enable_dns64": false,
            "enable_resource_name_dns_a_record_on_launch": false,
            "enable_resource_name_dns_aaaa_record_on_launch": false,
            "id": "subnet-0deb10ba94e303cea",
            "ipv6_cidr_block": "",
            "ipv6_cidr_block_association_id": "",
            "ipv6_native": false,
            "map_customer_owned_ip_on_launch": false,
            "map_public_ip_on_launch": false,
            "outpost_arn": "",
            "owner_id": "487173517556",
            "private_dns_hostname_type_on_launch": "ip-name",
            "tags": {
              "Environment": "production",
              "Project": "webapp-migration"
            },
            "tags_all": {
              "Environment": "production",
              "Project": "webapp-migration"
            },
            "timeouts": null,
            "vpc_id": "vpc-048267ce7238d3fa6"
          },
          "sensitive_attributes": [],
          "private": "eyJlMmJmYjczMC1lY2FhLTExZTYtOGY4OC0zNDM2M2JjN2M0YzAiOnsiY3JlYXRlIjo2MDAwMDAwMDAwMDAsImRlbGV0ZSI6MTIwMDAwMDAwMDAwMH0sInNjaGVtYV92ZXJzaW9uIjoiMSJ9",
          "dependencies": [
            "aws_vpc.private-cloud"
          ]
        }
      ]
    },
    {
      "mode": "managed",
      "type": "aws_subnet",
      "name": "public-subnet-1",
      "provider": "provider[\"registry.terraform.io/hashicorp/aws\"]",
      "instances": [
        {
          "schema_version": 1,
          "attributes": {
            "arn": "arn:aws:ec2:us-east-1:487173517556:subnet/subnet-0ed3f18c9569ab765",
            "assign_ipv6_address_on_creation": false,
            "availability_zone": "us-east-1a",
            "availability_zone_id": "use1-az6",
            "cidr_block": "10.0.1.0/24",
            "customer_owned_ipv4_pool": "",
            "enable_dns64": false,
            "enable_resource_name_dns_a_record_on_launch": false,
            "enable_resource_name_dns_aaaa_record_on_launch": false,
            "id": "subnet-0ed3f18c9569ab765",
            "ipv6_cidr_block": "",
            "ipv6_cidr_block_association_id": "",
            "ipv6_native": false,
            "map_customer_owned_ip_on_launch": false,
            "map_public_ip_on_launch": true,
            "outpost_arn": "",
            "owner_id": "487173517556",
            "private_dns_hostname_type_on_launch": "ip-name",
            "tags": {
              "Environment": "production",
              "Project": "webapp"
            },
            "tags_all": {
              "Environment": "production",
              "Project": "webapp"
            },
            "timeouts": null,
            "vpc_id": "vpc-048267ce7238d3fa6"
          },
          "sensitive_attributes": [],
          "private": "eyJlMmJmYjczMC1lY2FhLTExZTYtOGY4OC0zNDM2M2JjN2M0YzAiOnsiY3JlYXRlIjo2MDAwMDAwMDAwMDAsImRlbGV0ZSI6MTIwMDAwMDAwMDAwMH0sInNjaGVtYV92ZXJzaW9uIjoiMSJ9",
          "dependencies": [
            "aws_vpc.private-cloud"
          ]
        }
      ]
    },
    {
      "mode": "managed",
      "type": "aws_volume_attachment",
      "name": "webapp-data-attachment",
      "provider": "provider[\"registry.terraform.io/hashicorp/aws\"]",
      "instances": [
        {
          "schema_version": 0,
          "attributes": {
            "device_name": "/dev/xvdh",
            "force_detach": null,
            "id": "vai-3541087334",
            "instance_id": "i-0a1779f87b6b2fc53",
            "skip_destroy": true,
            "stop_instance_before_detaching": null,
            "timeouts": null,
            "volume_id": "vol-030bec5c32364c621"
          },
          "sensitive_attributes": [],
          "private": "eyJlMmJmYjczMC1lY2FhLTExZTYtOGY4OC0zNDM2M2JjN2M0YzAiOnsiY3JlYXRlIjozMDAwMDAwMDAwMDAsImRlbGV0ZSI6MzAwMDAwMDAwMDAwfX0=",
          "dependencies": [
            "aws_ebs_volume.webapp-data",
            "aws_instance.webapp-instance",
            "aws_key_pair.deployer",
            "aws_security_group.webapp-securitygroup",
            "aws_subnet.public-subnet-1",
            "aws_vpc.private-cloud"
          ]
        }
      ]
    },
    {
      "mode": "managed",
      "type": "aws_vpc",
      "name": "private-cloud",
      "provider": "provider[\"registry.terraform.io/hashicorp/aws\"]",
      "instances": [
        {
          "schema_version": 1,
          "attributes": {
            "arn": "arn:aws:ec2:us-east-1:487173517556:vpc/vpc-048267ce7238d3fa6",
            "assign_generated_ipv6_cidr_block": false,
            "cidr_block": "10.0.0.0/16",
            "default_network_acl_id": "acl-03e15b93124647a99",
            "default_route_table_id": "rtb-023c8294955efb5dd",
            "default_security_group_id": "sg-0a02b793ef25aaf5c",
            "dhcp_options_id": "dopt-0e69e6614bbec1de4",
            "enable_classiclink": false,
            "enable_classiclink_dns_support": false,
            "enable_dns_hostnames": true,
            "enable_dns_support": true,
            "id": "vpc-048267ce7238d3fa6",
            "instance_tenancy": "default",
            "ipv4_ipam_pool_id": null,
            "ipv4_netmask_length": null,
            "ipv6_association_id": "",
            "ipv6_cidr_block": "",
            "ipv6_cidr_block_network_border_group": "",
            "ipv6_ipam_pool_id": "",
            "ipv6_netmask_length": 0,
            "main_route_table_id": "rtb-023c8294955efb5dd",
            "owner_id": "487173517556",
            "tags": {
              "Environment": "production",
              "Project": "webapp"
            },
            "tags_all": {
              "Environment": "production",
              "Project": "webapp"
            }
          },
          "sensitive_attributes": [],
          "private": "eyJzY2hlbWFfdmVyc2lvbiI6IjEifQ=="
        }
      ]
    }
  ]
}
