{
  "version": 4,
  "terraform_version": "1.2.3",
  "serial": 939,
  "lineage": "3cd0fc79-087c-5729-9d14-1c006aea243d",
  "outputs": {
    "sensor-ip": {
      "value": [
        "3.89.77.39"
      ],
      "type": [
        "tuple",
        [
          "string"
        ]
      ]
    },
    "webapp-ip": {
      "value": [
        "54.167.235.53"
      ],
      "type": [
        "tuple",
        [
          "string"
        ]
      ]
    }
  },
  "resources": [
    {
      "mode": "data",
      "type": "aws_eip",
      "name": "sensor_ip",
      "provider": "provider[\"registry.terraform.io/hashicorp/aws\"]",
      "instances": [
        {
          "schema_version": 0,
          "attributes": {
            "association_id": "",
            "carrier_ip": "",
            "customer_owned_ip": "",
            "customer_owned_ipv4_pool": "",
            "domain": "vpc",
            "filter": null,
            "id": "eipalloc-032d9bddab8733a71",
            "instance_id": "",
            "network_interface_id": "",
            "network_interface_owner_id": "",
            "private_dns": null,
            "private_ip": "",
            "public_dns": "ec2-3-89-77-39.compute-1.amazonaws.com",
            "public_ip": "3.89.77.39",
            "public_ipv4_pool": "amazon",
            "tags": {}
          },
          "sensitive_attributes": []
        }
      ]
    },
    {
      "mode": "data",
      "type": "aws_eip",
      "name": "static_ip",
      "provider": "provider[\"registry.terraform.io/hashicorp/aws\"]",
      "instances": [
        {
          "schema_version": 0,
          "attributes": {
            "association_id": "",
            "carrier_ip": "",
            "customer_owned_ip": "",
            "customer_owned_ipv4_pool": "",
            "domain": "vpc",
            "filter": null,
            "id": "eipalloc-07f423f493712623f",
            "instance_id": "",
            "network_interface_id": "",
            "network_interface_owner_id": "",
            "private_dns": null,
            "private_ip": "",
            "public_dns": "ec2-54-167-235-53.compute-1.amazonaws.com",
            "public_ip": "54.167.235.53",
            "public_ipv4_pool": "amazon",
            "tags": {}
          },
          "sensitive_attributes": []
        }
      ]
    },
    {
      "mode": "data",
      "type": "aws_route53_zone",
      "name": "securecodezone_zone",
      "provider": "provider[\"registry.terraform.io/hashicorp/aws\"]",
      "instances": [
        {
          "schema_version": 0,
          "attributes": {
            "arn": "arn:aws:route53:::hostedzone/Z00259682G1CY76MNQQP8",
            "caller_reference": "b158661c-3836-4f17-9430-0b92bddd9a35",
            "comment": "",
            "id": "Z00259682G1CY76MNQQP8",
            "linked_service_description": null,
            "linked_service_principal": null,
            "name": "securecodezone.com",
            "name_servers": [
              "ns-815.awsdns-37.net",
              "ns-40.awsdns-05.com",
              "ns-1070.awsdns-05.org",
              "ns-1880.awsdns-43.co.uk"
            ],
            "private_zone": false,
            "resource_record_set_count": 2,
            "tags": {},
            "vpc_id": null,
            "zone_id": "Z00259682G1CY76MNQQP8"
          },
          "sensitive_attributes": []
        }
      ]
    },
    {
      "mode": "managed",
      "type": "aws_acm_certificate",
      "name": "securecodezone_cert",
      "provider": "provider[\"registry.terraform.io/hashicorp/aws\"]",
      "instances": [
        {
          "schema_version": 0,
          "attributes": {
            "arn": "arn:aws:acm:us-east-1:487173517556:certificate/b6a573f2-01b5-4972-b0fc-e87c18f035b1",
            "certificate_authority_arn": "",
            "certificate_body": null,
            "certificate_chain": null,
            "domain_name": "securecodezone.com",
            "domain_validation_options": [
              {
                "domain_name": "securecodezone.com",
                "resource_record_name": "_adb69f5dceb63e3c4bff85f1c867bfec.securecodezone.com.",
                "resource_record_type": "CNAME",
                "resource_record_value": "_7e34edc6de724b98cbc9e4a1fea9f3e8.btkxpdzscj.acm-validations.aws."
              }
            ],
            "id": "arn:aws:acm:us-east-1:487173517556:certificate/b6a573f2-01b5-4972-b0fc-e87c18f035b1",
            "options": [
              {
                "certificate_transparency_logging_preference": "ENABLED"
              }
            ],
            "private_key": null,
            "status": "PENDING_VALIDATION",
            "subject_alternative_names": [
              "securecodezone.com"
            ],
            "tags": null,
            "tags_all": {},
            "validation_emails": [],
            "validation_method": "DNS",
            "validation_option": []
          },
          "sensitive_attributes": [],
          "private": "bnVsbA=="
        }
      ]
    },
    {
      "mode": "managed",
      "type": "aws_acm_certificate_validation",
      "name": "securecodezone_cert_valid",
      "provider": "provider[\"registry.terraform.io/hashicorp/aws\"]",
      "instances": [
        {
          "schema_version": 0,
          "attributes": {
            "certificate_arn": "arn:aws:acm:us-east-1:487173517556:certificate/b6a573f2-01b5-4972-b0fc-e87c18f035b1",
            "id": "2022-07-04 21:32:34.017 +0000 UTC",
            "timeouts": null,
            "validation_record_fqdns": [
              "_adb69f5dceb63e3c4bff85f1c867bfec.securecodezone.com"
            ]
          },
          "sensitive_attributes": [],
          "private": "eyJlMmJmYjczMC1lY2FhLTExZTYtOGY4OC0zNDM2M2JjN2M0YzAiOnsiY3JlYXRlIjo0NTAwMDAwMDAwMDAwfX0=",
          "dependencies": [
            "aws_acm_certificate.securecodezone_cert",
            "aws_route53_record.securecodezone_records",
            "data.aws_route53_zone.securecodezone_zone"
          ]
        }
      ]
    },
    {
      "mode": "managed",
      "type": "aws_ebs_volume",
      "name": "webapp-data",
      "provider": "provider[\"registry.terraform.io/hashicorp/aws\"]",
      "instances": [
        {
          "schema_version": 0,
          "attributes": {
            "arn": "arn:aws:ec2:us-east-1:487173517556:volume/vol-001fa0e338c3d7965",
            "availability_zone": "us-east-1a",
            "encrypted": false,
            "final_snapshot": false,
            "id": "vol-001fa0e338c3d7965",
            "iops": 100,
            "kms_key_id": "",
            "multi_attach_enabled": false,
            "outpost_arn": "",
            "size": 20,
            "snapshot_id": "",
            "tags": {
              "Environment": "production",
              "Project": "webapp"
            },
            "tags_all": {
              "Environment": "production",
              "Project": "webapp"
            },
            "throughput": 0,
            "timeouts": null,
            "type": "gp2"
          },
          "sensitive_attributes": [],
          "private": "eyJlMmJmYjczMC1lY2FhLTExZTYtOGY4OC0zNDM2M2JjN2M0YzAiOnsiY3JlYXRlIjozMDAwMDAwMDAwMDAsImRlbGV0ZSI6MzAwMDAwMDAwMDAwLCJ1cGRhdGUiOjMwMDAwMDAwMDAwMH19"
        }
      ]
    },
    {
      "mode": "managed",
      "type": "aws_ec2_traffic_mirror_filter",
      "name": "filter",
      "provider": "provider[\"registry.terraform.io/hashicorp/aws\"]",
      "instances": [
        {
          "schema_version": 0,
          "attributes": {
            "arn": "arn:aws:ec2:us-east-1:487173517556:traffic-mirror-filter/tmf-0f31fc90e61c41a88",
            "description": "traffic mirror filter - salt task",
            "id": "tmf-0f31fc90e61c41a88",
            "network_services": [
              "amazon-dns"
            ],
            "tags": null,
            "tags_all": {}
          },
          "sensitive_attributes": [],
          "private": "bnVsbA=="
        }
      ]
    },
    {
      "mode": "managed",
      "type": "aws_ec2_traffic_mirror_filter_rule",
      "name": "ruleout",
      "provider": "provider[\"registry.terraform.io/hashicorp/aws\"]",
      "instances": [
        {
          "schema_version": 0,
          "attributes": {
            "arn": "arn:aws:ec2:us-east-1:487173517556:traffic-mirror-filter-rule/tmfr-0f42ff952b914d97e",
            "description": "Outbound calls to port 80",
            "destination_cidr_block": "0.0.0.0/0",
            "destination_port_range": [
              {
                "from_port": 0,
                "to_port": 80
              }
            ],
            "id": "tmfr-0f42ff952b914d97e",
            "protocol": 6,
            "rule_action": "accept",
            "rule_number": 1,
            "source_cidr_block": "0.0.0.0/0",
            "source_port_range": [],
            "traffic_direction": "egress",
            "traffic_mirror_filter_id": "tmf-0f31fc90e61c41a88"
          },
          "sensitive_attributes": [],
          "private": "bnVsbA==",
          "dependencies": [
            "aws_ec2_traffic_mirror_filter.filter"
          ]
        }
      ]
    },
    {
      "mode": "managed",
      "type": "aws_ec2_traffic_mirror_session",
      "name": "session",
      "provider": "provider[\"registry.terraform.io/hashicorp/aws\"]",
      "instances": [
        {
          "schema_version": 0,
          "attributes": {
            "arn": "arn:aws:ec2:us-east-1:487173517556:traffic-mirror-session/tms-0b7d6966936051597",
            "description": "traffic mirror session - salt task",
            "id": "tms-0b7d6966936051597",
            "network_interface_id": "eni-01e0c663ab41c17c9",
            "owner_id": "487173517556",
            "packet_length": 0,
            "session_number": 1,
            "tags": null,
            "tags_all": {},
            "traffic_mirror_filter_id": "tmf-0f31fc90e61c41a88",
            "traffic_mirror_target_id": "tmt-0bf98f50de003b35a",
            "virtual_network_id": 6622918
          },
          "sensitive_attributes": [],
          "private": "bnVsbA==",
          "dependencies": [
            "aws_ec2_traffic_mirror_filter.filter",
            "aws_ec2_traffic_mirror_target.target",
            "aws_iam_instance_profile.ec2_instance_profile",
            "aws_iam_role.ec2_role",
            "aws_instance.sensor-instance",
            "aws_instance.webapp-instance",
            "aws_key_pair.deployer",
            "aws_security_group.sensor-securitygroup",
            "aws_security_group.webapp-securitygroup",
            "aws_subnet.public-subnet-1",
            "aws_vpc.private-cloud"
          ]
        }
      ]
    },
    {
      "mode": "managed",
      "type": "aws_ec2_traffic_mirror_target",
      "name": "target",
      "provider": "provider[\"registry.terraform.io/hashicorp/aws\"]",
      "instances": [
        {
          "schema_version": 0,
          "attributes": {
            "arn": "arn:aws:ec2:us-east-1:487173517556:traffic-mirror-target/tmt-0bf98f50de003b35a",
            "description": "",
            "id": "tmt-0bf98f50de003b35a",
            "network_interface_id": "eni-069eb52312fe2e639",
            "network_load_balancer_arn": "",
            "owner_id": "487173517556",
            "tags": null,
            "tags_all": {}
          },
          "sensitive_attributes": [],
          "private": "bnVsbA==",
          "dependencies": [
            "aws_iam_instance_profile.ec2_instance_profile",
            "aws_iam_role.ec2_role",
            "aws_instance.sensor-instance",
            "aws_key_pair.deployer",
            "aws_security_group.sensor-securitygroup",
            "aws_security_group.webapp-securitygroup",
            "aws_subnet.public-subnet-1",
            "aws_vpc.private-cloud"
          ]
        }
      ]
    },
    {
      "mode": "managed",
      "type": "aws_eip_association",
      "name": "eip_assoc",
      "provider": "provider[\"registry.terraform.io/hashicorp/aws\"]",
      "instances": [
        {
          "schema_version": 0,
          "attributes": {
            "allocation_id": "eipalloc-07f423f493712623f",
            "allow_reassociation": null,
            "id": "eipassoc-04b4f12af225464d0",
            "instance_id": "i-01efd273d57cc7795",
            "network_interface_id": "eni-01e0c663ab41c17c9",
            "private_ip_address": "10.0.1.44",
            "public_ip": "54.167.235.53"
          },
          "sensitive_attributes": [],
          "private": "bnVsbA==",
          "dependencies": [
            "aws_instance.webapp-instance",
            "aws_key_pair.deployer",
            "aws_security_group.webapp-securitygroup",
            "aws_subnet.public-subnet-1",
            "aws_vpc.private-cloud",
            "data.aws_eip.static_ip"
          ]
        }
      ]
    },
    {
      "mode": "managed",
      "type": "aws_eip_association",
      "name": "sensor_eip_assoc",
      "provider": "provider[\"registry.terraform.io/hashicorp/aws\"]",
      "instances": [
        {
          "schema_version": 0,
          "attributes": {
            "allocation_id": "eipalloc-032d9bddab8733a71",
            "allow_reassociation": null,
            "id": "eipassoc-0a3bc8a23935bc54c",
            "instance_id": "i-0b593d4acf4d16541",
            "network_interface_id": "eni-069eb52312fe2e639",
            "private_ip_address": "10.0.1.214",
            "public_ip": "3.89.77.39"
          },
          "sensitive_attributes": [],
          "private": "bnVsbA==",
          "dependencies": [
            "aws_iam_instance_profile.ec2_instance_profile",
            "aws_iam_role.ec2_role",
            "aws_instance.sensor-instance",
            "aws_key_pair.deployer",
            "aws_security_group.sensor-securitygroup",
            "aws_security_group.webapp-securitygroup",
            "aws_subnet.public-subnet-1",
            "aws_vpc.private-cloud",
            "data.aws_eip.sensor_ip"
          ]
        }
      ]
    },
    {
      "mode": "managed",
      "type": "aws_iam_instance_profile",
      "name": "ec2_instance_profile",
      "provider": "provider[\"registry.terraform.io/hashicorp/aws\"]",
      "instances": [
        {
          "schema_version": 0,
          "attributes": {
            "arn": "arn:aws:iam::487173517556:instance-profile/ec2_instance_profile",
            "create_date": "2022-07-04T21:32:01Z",
            "id": "ec2_instance_profile",
            "name": "ec2_instance_profile",
            "name_prefix": null,
            "path": "/",
            "role": "ec2_role",
            "tags": null,
            "tags_all": {},
            "unique_id": "AIPAXC3ON6D2E62DMR4EC"
          },
          "sensitive_attributes": [],
          "private": "bnVsbA==",
          "dependencies": [
            "aws_iam_role.ec2_role"
          ]
        }
      ]
    },
    {
      "mode": "managed",
      "type": "aws_iam_policy",
      "name": "ec2-policy",
      "provider": "provider[\"registry.terraform.io/hashicorp/aws\"]",
      "instances": [
        {
          "schema_version": 0,
          "attributes": {
            "arn": "arn:aws:iam::487173517556:policy/ec2_policy",
            "description": "Ec2 policy",
            "id": "arn:aws:iam::487173517556:policy/ec2_policy",
            "name": "ec2_policy",
            "name_prefix": null,
            "path": "/",
            "policy": "{\"Statement\":[{\"Action\":[\"s3:Get*\",\"s3:List*\",\"s3:Put*\",\"kms:*\"],\"Effect\":\"Allow\",\"Resource\":\"*\"}],\"Version\":\"2012-10-17\"}",
            "policy_id": "ANPAXC3ON6D2JTFKVB27K",
            "tags": null,
            "tags_all": {}
          },
          "sensitive_attributes": [],
          "private": "bnVsbA=="
        }
      ]
    },
    {
      "mode": "managed",
      "type": "aws_iam_policy_attachment",
      "name": "ec2-policy-attach",
      "provider": "provider[\"registry.terraform.io/hashicorp/aws\"]",
      "instances": [
        {
          "schema_version": 0,
          "attributes": {
            "groups": null,
            "id": "ec2-policy-attachment",
            "name": "ec2-policy-attachment",
            "policy_arn": "arn:aws:iam::487173517556:policy/ec2_policy",
            "roles": [
              "ec2_role"
            ],
            "users": null
          },
          "sensitive_attributes": [],
          "private": "bnVsbA==",
          "dependencies": [
            "aws_iam_policy.ec2-policy",
            "aws_iam_role.ec2_role"
          ]
        }
      ]
    },
    {
      "mode": "managed",
      "type": "aws_iam_role",
      "name": "ec2_role",
      "provider": "provider[\"registry.terraform.io/hashicorp/aws\"]",
      "instances": [
        {
          "schema_version": 0,
          "attributes": {
            "arn": "arn:aws:iam::487173517556:role/ec2_role",
            "assume_role_policy": "{\"Version\":\"2012-10-17\",\"Statement\":[{\"Sid\":\"\",\"Effect\":\"Allow\",\"Principal\":{\"Service\":\"ec2.amazonaws.com\"},\"Action\":\"sts:AssumeRole\"}]}",
            "create_date": "2022-07-04T21:32:01Z",
            "description": "",
            "force_detach_policies": false,
            "id": "ec2_role",
            "inline_policy": [
              {
                "name": "",
                "policy": ""
              }
            ],
            "managed_policy_arns": [],
            "max_session_duration": 3600,
            "name": "ec2_role",
            "name_prefix": "",
            "path": "/",
            "permissions_boundary": null,
            "tags": null,
            "tags_all": {},
            "unique_id": "AROAXC3ON6D2FRPNQMTFC"
          },
          "sensitive_attributes": [],
          "private": "bnVsbA=="
        }
      ]
    },
    {
      "mode": "managed",
      "type": "aws_instance",
      "name": "sensor-instance",
      "provider": "provider[\"registry.terraform.io/hashicorp/aws\"]",
      "instances": [
        {
          "schema_version": 1,
          "attributes": {
            "ami": "ami-052efd3df9dad4825",
            "arn": "arn:aws:ec2:us-east-1:487173517556:instance/i-0b593d4acf4d16541",
            "associate_public_ip_address": true,
            "availability_zone": "us-east-1a",
            "capacity_reservation_specification": [
              {
                "capacity_reservation_preference": "open",
                "capacity_reservation_target": []
              }
            ],
            "cpu_core_count": 1,
            "cpu_threads_per_core": 2,
            "credit_specification": [
              {
                "cpu_credits": "unlimited"
              }
            ],
            "disable_api_stop": false,
            "disable_api_termination": false,
            "ebs_block_device": [],
            "ebs_optimized": false,
            "enclave_options": [
              {
                "enabled": false
              }
            ],
            "ephemeral_block_device": [],
            "get_password_data": false,
            "hibernation": false,
            "host_id": null,
            "iam_instance_profile": "ec2_instance_profile",
            "id": "i-0b593d4acf4d16541",
            "instance_initiated_shutdown_behavior": "stop",
            "instance_state": "running",
            "instance_type": "t3.micro",
            "ipv6_address_count": 0,
            "ipv6_addresses": [],
            "key_name": "deployer-key",
            "launch_template": [],
            "maintenance_options": [
              {
                "auto_recovery": "default"
              }
            ],
            "metadata_options": [
              {
                "http_endpoint": "enabled",
                "http_put_response_hop_limit": 1,
                "http_tokens": "optional",
                "instance_metadata_tags": "disabled"
              }
            ],
            "monitoring": false,
            "network_interface": [],
            "outpost_arn": "",
            "password_data": "",
            "placement_group": "",
            "placement_partition_number": null,
            "primary_network_interface_id": "eni-069eb52312fe2e639",
            "private_dns": "ip-10-0-1-214.ec2.internal",
            "private_dns_name_options": [
              {
                "enable_resource_name_dns_a_record": false,
                "enable_resource_name_dns_aaaa_record": false,
                "hostname_type": "ip-name"
              }
            ],
            "private_ip": "10.0.1.214",
            "public_dns": "ec2-54-82-61-49.compute-1.amazonaws.com",
            "public_ip": "54.82.61.49",
            "root_block_device": [
              {
                "delete_on_termination": true,
                "device_name": "/dev/sda1",
                "encrypted": false,
                "iops": 100,
                "kms_key_id": "",
                "tags": {},
                "throughput": 0,
                "volume_id": "vol-0afe27a8b92a0ccf8",
                "volume_size": 8,
                "volume_type": "gp2"
              }
            ],
            "secondary_private_ips": [],
            "security_groups": [],
            "source_dest_check": true,
            "subnet_id": "subnet-0c14f0deb2ca3e97f",
            "tags": {
              "Environment": "production",
              "Project": "webapp"
            },
            "tags_all": {
              "Environment": "production",
              "Project": "webapp"
            },
            "tenancy": "default",
            "timeouts": null,
            "user_data": "50e0347678a85bb10cf68c9ece8389c38ae97a35",
            "user_data_base64": null,
            "user_data_replace_on_change": false,
            "volume_tags": null,
            "vpc_security_group_ids": [
              "sg-0d4dcd8b3fde7081d"
            ]
          },
          "sensitive_attributes": [],
          "private": "eyJlMmJmYjczMC1lY2FhLTExZTYtOGY4OC0zNDM2M2JjN2M0YzAiOnsiY3JlYXRlIjo2MDAwMDAwMDAwMDAsImRlbGV0ZSI6MTIwMDAwMDAwMDAwMCwidXBkYXRlIjo2MDAwMDAwMDAwMDB9LCJzY2hlbWFfdmVyc2lvbiI6IjEifQ==",
          "dependencies": [
            "aws_iam_instance_profile.ec2_instance_profile",
            "aws_iam_role.ec2_role",
            "aws_key_pair.deployer",
            "aws_security_group.sensor-securitygroup",
            "aws_security_group.webapp-securitygroup",
            "aws_subnet.public-subnet-1",
            "aws_vpc.private-cloud"
          ]
        }
      ]
    },
    {
      "mode": "managed",
      "type": "aws_instance",
      "name": "webapp-instance",
      "provider": "provider[\"registry.terraform.io/hashicorp/aws\"]",
      "instances": [
        {
          "schema_version": 1,
          "attributes": {
            "ami": "ami-052efd3df9dad4825",
            "arn": "arn:aws:ec2:us-east-1:487173517556:instance/i-01efd273d57cc7795",
            "associate_public_ip_address": true,
            "availability_zone": "us-east-1a",
            "capacity_reservation_specification": [
              {
                "capacity_reservation_preference": "open",
                "capacity_reservation_target": []
              }
            ],
            "cpu_core_count": 1,
            "cpu_threads_per_core": 2,
            "credit_specification": [
              {
                "cpu_credits": "unlimited"
              }
            ],
            "disable_api_stop": false,
            "disable_api_termination": false,
            "ebs_block_device": [],
            "ebs_optimized": false,
            "enclave_options": [
              {
                "enabled": false
              }
            ],
            "ephemeral_block_device": [],
            "get_password_data": false,
            "hibernation": false,
            "host_id": null,
            "iam_instance_profile": "",
            "id": "i-01efd273d57cc7795",
            "instance_initiated_shutdown_behavior": "stop",
            "instance_state": "running",
            "instance_type": "t3.micro",
            "ipv6_address_count": 0,
            "ipv6_addresses": [],
            "key_name": "deployer-key",
            "launch_template": [],
            "maintenance_options": [
              {
                "auto_recovery": "default"
              }
            ],
            "metadata_options": [
              {
                "http_endpoint": "enabled",
                "http_put_response_hop_limit": 1,
                "http_tokens": "optional",
                "instance_metadata_tags": "disabled"
              }
            ],
            "monitoring": false,
            "network_interface": [],
            "outpost_arn": "",
            "password_data": "",
            "placement_group": "",
            "placement_partition_number": null,
            "primary_network_interface_id": "eni-01e0c663ab41c17c9",
            "private_dns": "ip-10-0-1-44.ec2.internal",
            "private_dns_name_options": [
              {
                "enable_resource_name_dns_a_record": false,
                "enable_resource_name_dns_aaaa_record": false,
                "hostname_type": "ip-name"
              }
            ],
            "private_ip": "10.0.1.44",
            "public_dns": "ec2-54-196-41-43.compute-1.amazonaws.com",
            "public_ip": "54.196.41.43",
            "root_block_device": [
              {
                "delete_on_termination": true,
                "device_name": "/dev/sda1",
                "encrypted": false,
                "iops": 100,
                "kms_key_id": "",
                "tags": {},
                "throughput": 0,
                "volume_id": "vol-05423b64438b16708",
                "volume_size": 8,
                "volume_type": "gp2"
              }
            ],
            "secondary_private_ips": [],
            "security_groups": [],
            "source_dest_check": true,
            "subnet_id": "subnet-0c14f0deb2ca3e97f",
            "tags": {
              "Environment": "production",
              "Project": "webapp"
            },
            "tags_all": {
              "Environment": "production",
              "Project": "webapp"
            },
            "tenancy": "default",
            "timeouts": null,
            "user_data": "629652ab297ed2808bd611fea4db03c342dc66cd",
            "user_data_base64": null,
            "user_data_replace_on_change": false,
            "volume_tags": null,
            "vpc_security_group_ids": [
              "sg-0767d2012ca12c9ce"
            ]
          },
          "sensitive_attributes": [],
          "private": "eyJlMmJmYjczMC1lY2FhLTExZTYtOGY4OC0zNDM2M2JjN2M0YzAiOnsiY3JlYXRlIjo2MDAwMDAwMDAwMDAsImRlbGV0ZSI6MTIwMDAwMDAwMDAwMCwidXBkYXRlIjo2MDAwMDAwMDAwMDB9LCJzY2hlbWFfdmVyc2lvbiI6IjEifQ==",
          "dependencies": [
            "aws_key_pair.deployer",
            "aws_security_group.webapp-securitygroup",
            "aws_subnet.public-subnet-1",
            "aws_vpc.private-cloud"
          ]
        }
      ]
    },
    {
      "mode": "managed",
      "type": "aws_internet_gateway",
      "name": "main-gw",
      "provider": "provider[\"registry.terraform.io/hashicorp/aws\"]",
      "instances": [
        {
          "schema_version": 0,
          "attributes": {
            "arn": "arn:aws:ec2:us-east-1:487173517556:internet-gateway/igw-062aada9816d4c63d",
            "id": "igw-062aada9816d4c63d",
            "owner_id": "487173517556",
            "tags": {
              "Environment": "production",
              "Project": "webapp"
            },
            "tags_all": {
              "Environment": "production",
              "Project": "webapp"
            },
            "vpc_id": "vpc-07040646923d582a6"
          },
          "sensitive_attributes": [],
          "private": "bnVsbA==",
          "dependencies": [
            "aws_vpc.private-cloud"
          ]
        }
      ]
    },
    {
      "mode": "managed",
      "type": "aws_key_pair",
      "name": "deployer",
      "provider": "provider[\"registry.terraform.io/hashicorp/aws\"]",
      "instances": [
        {
          "schema_version": 1,
          "attributes": {
            "arn": "arn:aws:ec2:us-east-1:487173517556:key-pair/deployer-key",
            "fingerprint": "42:5d:4d:69:91:86:c8:49:c1:40:ba:af:c3:6b:6b:46",
            "id": "deployer-key",
            "key_name": "deployer-key",
            "key_name_prefix": "",
            "key_pair_id": "key-0d10cfc21bade85d0",
            "key_type": "rsa",
            "public_key": "ssh-rsa AAAAB3NzaC1yc2EAAAADAQABAAABAQCohqngBhm7TYBv+LXbsbHEHJiVkySAeegVbjqZK6XUR3r/KHRymB19+EXWyPHF5LBes3HBb7CbVr+LcyzCPsIYnaAMdm9C2edVbPQlQxc2lKtDBt+vxGX3rdg0ccEu1Qpt534+z3bhMW6kyXl9GGbLHstXfd+HuBYcvHtInoS/IbDhPy3sT2PDP6MTUvFFzxV/OB3mEp31DUNNpY1BLG8I8OL6v0L4lo1UhlwIgoyDm/4e/Rq0mTZBnKz1mcsMpEx3LQrZwUpBApEyS+3weGVC7jmBtSoRvcklHtS0YQG78h5TFaiEJ7qjo3qTZTGdfWMFn2d3mYW0v1AFJPW8uF8D vbhat@blr-mp1ou",
            "tags": null,
            "tags_all": {}
          },
          "sensitive_attributes": [],
          "private": "eyJzY2hlbWFfdmVyc2lvbiI6IjEifQ=="
        }
      ]
    },
    {
      "mode": "managed",
      "type": "aws_lb",
      "name": "front_end",
      "provider": "provider[\"registry.terraform.io/hashicorp/aws\"]",
      "instances": [
        {
          "schema_version": 0,
          "attributes": {
            "access_logs": [
              {
                "bucket": "",
                "enabled": false,
                "prefix": ""
              }
            ],
            "arn": "arn:aws:elasticloadbalancing:us-east-1:487173517556:loadbalancer/app/front-lb/a37e64f65c0ce93a",
            "arn_suffix": "app/front-lb/a37e64f65c0ce93a",
            "customer_owned_ipv4_pool": "",
            "desync_mitigation_mode": "defensive",
            "dns_name": "front-lb-1822931297.us-east-1.elb.amazonaws.com",
            "drop_invalid_header_fields": false,
            "enable_cross_zone_load_balancing": null,
            "enable_deletion_protection": false,
            "enable_http2": true,
            "enable_waf_fail_open": false,
            "id": "arn:aws:elasticloadbalancing:us-east-1:487173517556:loadbalancer/app/front-lb/a37e64f65c0ce93a",
            "idle_timeout": 60,
            "internal": false,
            "ip_address_type": "ipv4",
            "load_balancer_type": "application",
            "name": "front-lb",
            "name_prefix": null,
            "security_groups": [
              "sg-0767d2012ca12c9ce"
            ],
            "subnet_mapping": [
              {
                "allocation_id": "",
                "ipv6_address": "",
                "outpost_id": "",
                "private_ipv4_address": "",
                "subnet_id": "subnet-068b07591b2830e20"
              },
              {
                "allocation_id": "",
                "ipv6_address": "",
                "outpost_id": "",
                "private_ipv4_address": "",
                "subnet_id": "subnet-0c14f0deb2ca3e97f"
              }
            ],
            "subnets": [
              "subnet-068b07591b2830e20",
              "subnet-0c14f0deb2ca3e97f"
            ],
            "tags": {
              "Environment": "production",
              "Project": "webapp"
            },
            "tags_all": {
              "Environment": "production",
              "Project": "webapp"
            },
            "timeouts": null,
            "vpc_id": "vpc-07040646923d582a6",
            "zone_id": "Z35SXDOTRQ7X7K"
          },
          "sensitive_attributes": [],
          "private": "eyJlMmJmYjczMC1lY2FhLTExZTYtOGY4OC0zNDM2M2JjN2M0YzAiOnsiY3JlYXRlIjo2MDAwMDAwMDAwMDAsImRlbGV0ZSI6NjAwMDAwMDAwMDAwLCJ1cGRhdGUiOjYwMDAwMDAwMDAwMH19",
          "dependencies": [
            "aws_security_group.webapp-securitygroup",
            "aws_subnet.public-subnet-1",
            "aws_subnet.public-subnet-2",
            "aws_vpc.private-cloud"
          ]
        }
      ]
    },
    {
      "mode": "managed",
      "type": "aws_lb_listener",
      "name": "front_end",
      "provider": "provider[\"registry.terraform.io/hashicorp/aws\"]",
      "instances": [
        {
          "schema_version": 0,
          "attributes": {
            "alpn_policy": null,
            "arn": "arn:aws:elasticloadbalancing:us-east-1:487173517556:listener/app/front-lb/a37e64f65c0ce93a/f224c6bc0172c670",
            "certificate_arn": "arn:aws:acm:us-east-1:487173517556:certificate/b6a573f2-01b5-4972-b0fc-e87c18f035b1",
            "default_action": [
              {
                "authenticate_cognito": [],
                "authenticate_oidc": [],
                "fixed_response": [],
                "forward": [],
                "order": 1,
                "redirect": [],
                "target_group_arn": "arn:aws:elasticloadbalancing:us-east-1:487173517556:targetgroup/alb-targetgp/4bbc0ea3cee12864",
                "type": "forward"
              }
            ],
            "id": "arn:aws:elasticloadbalancing:us-east-1:487173517556:listener/app/front-lb/a37e64f65c0ce93a/f224c6bc0172c670",
            "load_balancer_arn": "arn:aws:elasticloadbalancing:us-east-1:487173517556:loadbalancer/app/front-lb/a37e64f65c0ce93a",
            "port": 443,
            "protocol": "HTTPS",
            "ssl_policy": "ELBSecurityPolicy-2016-08",
            "tags": null,
            "tags_all": {},
            "timeouts": null
          },
          "sensitive_attributes": [],
          "private": "eyJlMmJmYjczMC1lY2FhLTExZTYtOGY4OC0zNDM2M2JjN2M0YzAiOnsicmVhZCI6NjAwMDAwMDAwMDAwfX0=",
          "dependencies": [
            "aws_acm_certificate.securecodezone_cert",
            "aws_lb.front_end",
            "aws_lb_target_group.alb_tgt_group",
            "aws_security_group.webapp-securitygroup",
            "aws_subnet.public-subnet-1",
            "aws_subnet.public-subnet-2",
            "aws_vpc.private-cloud"
          ]
        }
      ]
    },
    {
      "mode": "managed",
      "type": "aws_lb_listener",
      "name": "http",
      "provider": "provider[\"registry.terraform.io/hashicorp/aws\"]",
      "instances": [
        {
          "schema_version": 0,
          "attributes": {
            "alpn_policy": null,
            "arn": "arn:aws:elasticloadbalancing:us-east-1:487173517556:listener/app/front-lb/a37e64f65c0ce93a/93d57b65ce7b2fe2",
            "certificate_arn": null,
            "default_action": [
              {
                "authenticate_cognito": [],
                "authenticate_oidc": [],
                "fixed_response": [],
                "forward": [],
                "order": 1,
                "redirect": [
                  {
                    "host": "#{host}",
                    "path": "/#{path}",
                    "port": "443",
                    "protocol": "HTTPS",
                    "query": "#{query}",
                    "status_code": "HTTP_301"
                  }
                ],
                "target_group_arn": "",
                "type": "redirect"
              }
            ],
            "id": "arn:aws:elasticloadbalancing:us-east-1:487173517556:listener/app/front-lb/a37e64f65c0ce93a/93d57b65ce7b2fe2",
            "load_balancer_arn": "arn:aws:elasticloadbalancing:us-east-1:487173517556:loadbalancer/app/front-lb/a37e64f65c0ce93a",
            "port": 80,
            "protocol": "HTTP",
            "ssl_policy": "",
            "tags": null,
            "tags_all": {},
            "timeouts": null
          },
          "sensitive_attributes": [],
          "private": "eyJlMmJmYjczMC1lY2FhLTExZTYtOGY4OC0zNDM2M2JjN2M0YzAiOnsicmVhZCI6NjAwMDAwMDAwMDAwfX0=",
          "dependencies": [
            "aws_lb.front_end",
            "aws_security_group.webapp-securitygroup",
            "aws_subnet.public-subnet-1",
            "aws_subnet.public-subnet-2",
            "aws_vpc.private-cloud"
          ]
        }
      ]
    },
    {
      "mode": "managed",
      "type": "aws_lb_target_group",
      "name": "alb_tgt_group",
      "provider": "provider[\"registry.terraform.io/hashicorp/aws\"]",
      "instances": [
        {
          "schema_version": 0,
          "attributes": {
            "arn": "arn:aws:elasticloadbalancing:us-east-1:487173517556:targetgroup/alb-targetgp/4bbc0ea3cee12864",
            "arn_suffix": "targetgroup/alb-targetgp/4bbc0ea3cee12864",
            "connection_termination": false,
            "deregistration_delay": "300",
            "health_check": [
              {
                "enabled": true,
                "healthy_threshold": 5,
                "interval": 30,
                "matcher": "200",
                "path": "/",
                "port": "traffic-port",
                "protocol": "HTTP",
                "timeout": 5,
                "unhealthy_threshold": 2
              }
            ],
            "id": "arn:aws:elasticloadbalancing:us-east-1:487173517556:targetgroup/alb-targetgp/4bbc0ea3cee12864",
            "lambda_multi_value_headers_enabled": false,
            "load_balancing_algorithm_type": "round_robin",
            "name": "alb-targetgp",
            "name_prefix": null,
            "port": 80,
            "preserve_client_ip": null,
            "protocol": "HTTP",
            "protocol_version": "HTTP1",
            "proxy_protocol_v2": false,
            "slow_start": 0,
            "stickiness": [
              {
                "cookie_duration": 86400,
                "cookie_name": "",
                "enabled": false,
                "type": "lb_cookie"
              }
            ],
            "tags": null,
            "tags_all": {},
            "target_type": "instance",
            "vpc_id": "vpc-07040646923d582a6"
          },
          "sensitive_attributes": [],
          "private": "bnVsbA==",
          "dependencies": [
            "aws_vpc.private-cloud"
          ]
        }
      ]
    },
    {
      "mode": "managed",
      "type": "aws_lb_target_group_attachment",
      "name": "alb_tgtgp_assign",
      "provider": "provider[\"registry.terraform.io/hashicorp/aws\"]",
      "instances": [
        {
          "schema_version": 0,
          "attributes": {
            "availability_zone": null,
            "id": "arn:aws:elasticloadbalancing:us-east-1:487173517556:targetgroup/alb-targetgp/4bbc0ea3cee12864-20220704213237211200000002",
            "port": 80,
            "target_group_arn": "arn:aws:elasticloadbalancing:us-east-1:487173517556:targetgroup/alb-targetgp/4bbc0ea3cee12864",
            "target_id": "i-01efd273d57cc7795"
          },
          "sensitive_attributes": [],
          "private": "bnVsbA==",
          "dependencies": [
            "aws_instance.webapp-instance",
            "aws_key_pair.deployer",
            "aws_lb_target_group.alb_tgt_group",
            "aws_security_group.webapp-securitygroup",
            "aws_subnet.public-subnet-1",
            "aws_vpc.private-cloud"
          ]
        }
      ]
    },
    {
      "mode": "managed",
      "type": "aws_route53_record",
      "name": "securecodezone_cname_sub",
      "provider": "provider[\"registry.terraform.io/hashicorp/aws\"]",
      "instances": [
        {
          "schema_version": 2,
          "attributes": {
            "alias": [
              {
                "evaluate_target_health": false,
                "name": "front-lb-1822931297.us-east-1.elb.amazonaws.com",
                "zone_id": "Z35SXDOTRQ7X7K"
              }
            ],
            "allow_overwrite": true,
            "failover_routing_policy": [],
            "fqdn": "securecodezone.com",
            "geolocation_routing_policy": [],
            "health_check_id": null,
            "id": "Z00259682G1CY76MNQQP8_securecodezone.com_A",
            "latency_routing_policy": [],
            "multivalue_answer_routing_policy": null,
            "name": "securecodezone.com",
            "records": null,
            "set_identifier": null,
            "ttl": null,
            "type": "A",
            "weighted_routing_policy": [],
            "zone_id": "Z00259682G1CY76MNQQP8"
          },
          "sensitive_attributes": [],
          "private": "eyJzY2hlbWFfdmVyc2lvbiI6IjIifQ==",
          "dependencies": [
            "aws_lb.front_end",
            "aws_security_group.webapp-securitygroup",
            "aws_subnet.public-subnet-1",
            "aws_subnet.public-subnet-2",
            "aws_vpc.private-cloud",
            "data.aws_route53_zone.securecodezone_zone"
          ]
        }
      ]
    },
    {
      "mode": "managed",
      "type": "aws_route53_record",
      "name": "securecodezone_cname_top",
      "provider": "provider[\"registry.terraform.io/hashicorp/aws\"]",
      "instances": [
        {
          "schema_version": 2,
          "attributes": {
            "alias": [],
            "allow_overwrite": true,
            "failover_routing_policy": [],
            "fqdn": "www.securecodezone.com",
            "geolocation_routing_policy": [],
            "health_check_id": null,
            "id": "Z00259682G1CY76MNQQP8_www.securecodezone.com_CNAME",
            "latency_routing_policy": [],
            "multivalue_answer_routing_policy": null,
            "name": "www.securecodezone.com",
            "records": [
              "front-lb-1822931297.us-east-1.elb.amazonaws.com"
            ],
            "set_identifier": null,
            "ttl": 60,
            "type": "CNAME",
            "weighted_routing_policy": [],
            "zone_id": "Z00259682G1CY76MNQQP8"
          },
          "sensitive_attributes": [],
          "private": "eyJzY2hlbWFfdmVyc2lvbiI6IjIifQ==",
          "dependencies": [
            "aws_lb.front_end",
            "aws_security_group.webapp-securitygroup",
            "aws_subnet.public-subnet-1",
            "aws_subnet.public-subnet-2",
            "aws_vpc.private-cloud",
            "data.aws_route53_zone.securecodezone_zone"
          ]
        }
      ]
    },
    {
      "mode": "managed",
      "type": "aws_route53_record",
      "name": "securecodezone_records",
      "provider": "provider[\"registry.terraform.io/hashicorp/aws\"]",
      "instances": [
        {
          "index_key": "securecodezone.com",
          "schema_version": 2,
          "attributes": {
            "alias": [],
            "allow_overwrite": true,
            "failover_routing_policy": [],
            "fqdn": "_adb69f5dceb63e3c4bff85f1c867bfec.securecodezone.com",
            "geolocation_routing_policy": [],
            "health_check_id": null,
            "id": "Z00259682G1CY76MNQQP8__adb69f5dceb63e3c4bff85f1c867bfec.securecodezone.com._CNAME",
            "latency_routing_policy": [],
            "multivalue_answer_routing_policy": null,
            "name": "_adb69f5dceb63e3c4bff85f1c867bfec.securecodezone.com",
            "records": [
              "_7e34edc6de724b98cbc9e4a1fea9f3e8.btkxpdzscj.acm-validations.aws."
            ],
            "set_identifier": null,
            "ttl": 60,
            "type": "CNAME",
            "weighted_routing_policy": [],
            "zone_id": "Z00259682G1CY76MNQQP8"
          },
          "sensitive_attributes": [],
          "private": "eyJzY2hlbWFfdmVyc2lvbiI6IjIifQ==",
          "dependencies": [
            "aws_acm_certificate.securecodezone_cert",
            "data.aws_route53_zone.securecodezone_zone"
          ]
        }
      ]
    },
    {
      "mode": "managed",
      "type": "aws_route_table",
      "name": "main-route",
      "provider": "provider[\"registry.terraform.io/hashicorp/aws\"]",
      "instances": [
        {
          "schema_version": 0,
          "attributes": {
            "arn": "arn:aws:ec2:us-east-1:487173517556:route-table/rtb-08c790f6a71a61590",
            "id": "rtb-08c790f6a71a61590",
            "owner_id": "487173517556",
            "propagating_vgws": [],
            "route": [
              {
                "carrier_gateway_id": "",
                "cidr_block": "0.0.0.0/0",
                "core_network_arn": "",
                "destination_prefix_list_id": "",
                "egress_only_gateway_id": "",
                "gateway_id": "igw-062aada9816d4c63d",
                "instance_id": "",
                "ipv6_cidr_block": "",
                "local_gateway_id": "",
                "nat_gateway_id": "",
                "network_interface_id": "",
                "transit_gateway_id": "",
                "vpc_endpoint_id": "",
                "vpc_peering_connection_id": ""
              }
            ],
            "tags": {
              "Environment": "production",
              "Project": "webapp"
            },
            "tags_all": {
              "Environment": "production",
              "Project": "webapp"
            },
            "timeouts": null,
            "vpc_id": "vpc-07040646923d582a6"
          },
          "sensitive_attributes": [],
          "private": "eyJlMmJmYjczMC1lY2FhLTExZTYtOGY4OC0zNDM2M2JjN2M0YzAiOnsiY3JlYXRlIjozMDAwMDAwMDAwMDAsImRlbGV0ZSI6MzAwMDAwMDAwMDAwLCJ1cGRhdGUiOjEyMDAwMDAwMDAwMH19",
          "dependencies": [
            "aws_internet_gateway.main-gw",
            "aws_vpc.private-cloud"
          ]
        }
      ]
    },
    {
      "mode": "managed",
      "type": "aws_route_table_association",
      "name": "public-subnet-link",
      "provider": "provider[\"registry.terraform.io/hashicorp/aws\"]",
      "instances": [
        {
          "schema_version": 0,
          "attributes": {
            "gateway_id": "",
            "id": "rtbassoc-079c8763d6cb55aeb",
            "route_table_id": "rtb-08c790f6a71a61590",
            "subnet_id": "subnet-0c14f0deb2ca3e97f"
          },
          "sensitive_attributes": [],
          "private": "bnVsbA==",
          "dependencies": [
            "aws_internet_gateway.main-gw",
            "aws_route_table.main-route",
            "aws_subnet.public-subnet-1",
            "aws_vpc.private-cloud"
          ]
        }
      ]
    },
    {
      "mode": "managed",
      "type": "aws_route_table_association",
      "name": "public-subnet-link-2",
      "provider": "provider[\"registry.terraform.io/hashicorp/aws\"]",
      "instances": [
        {
          "schema_version": 0,
          "attributes": {
            "gateway_id": "",
            "id": "rtbassoc-0156adf23695be3e8",
            "route_table_id": "rtb-08c790f6a71a61590",
            "subnet_id": "subnet-068b07591b2830e20"
          },
          "sensitive_attributes": [],
          "private": "bnVsbA==",
          "dependencies": [
            "aws_internet_gateway.main-gw",
            "aws_route_table.main-route",
            "aws_subnet.public-subnet-2",
            "aws_vpc.private-cloud"
          ]
        }
      ]
    },
    {
      "mode": "managed",
      "type": "aws_security_group",
      "name": "sensor-securitygroup",
      "provider": "provider[\"registry.terraform.io/hashicorp/aws\"]",
      "instances": [
        {
          "schema_version": 1,
          "attributes": {
            "arn": "arn:aws:ec2:us-east-1:487173517556:security-group/sg-0d4dcd8b3fde7081d",
            "description": "security group that allows access from webserver",
            "egress": [
              {
                "cidr_blocks": [
                  "0.0.0.0/0"
                ],
                "description": "",
                "from_port": 0,
                "ipv6_cidr_blocks": [],
                "prefix_list_ids": [],
                "protocol": "-1",
                "security_groups": [],
                "self": false,
                "to_port": 0
              }
            ],
            "id": "sg-0d4dcd8b3fde7081d",
            "ingress": [
              {
                "cidr_blocks": [
                  "0.0.0.0/0"
                ],
                "description": "",
                "from_port": 22,
                "ipv6_cidr_blocks": [],
                "prefix_list_ids": [],
                "protocol": "tcp",
                "security_groups": [],
                "self": false,
                "to_port": 22
              },
              {
                "cidr_blocks": [
                  "0.0.0.0/0"
                ],
                "description": "",
                "from_port": 4789,
                "ipv6_cidr_blocks": [],
                "prefix_list_ids": [],
                "protocol": "udp",
                "security_groups": [],
                "self": false,
                "to_port": 4789
              },
              {
                "cidr_blocks": [],
                "description": "",
                "from_port": 0,
                "ipv6_cidr_blocks": [],
                "prefix_list_ids": [],
                "protocol": "-1",
                "security_groups": [
                  "sg-0767d2012ca12c9ce"
                ],
                "self": false,
                "to_port": 0
              }
            ],
            "name": "sensor-securitygroup",
            "name_prefix": "",
            "owner_id": "487173517556",
            "revoke_rules_on_delete": false,
            "tags": {
              "Environment": "production",
              "Project": "webapp"
            },
            "tags_all": {
              "Environment": "production",
              "Project": "webapp"
            },
            "timeouts": null,
            "vpc_id": "vpc-07040646923d582a6"
          },
          "sensitive_attributes": [],
          "private": "eyJlMmJmYjczMC1lY2FhLTExZTYtOGY4OC0zNDM2M2JjN2M0YzAiOnsiY3JlYXRlIjo2MDAwMDAwMDAwMDAsImRlbGV0ZSI6OTAwMDAwMDAwMDAwfSwic2NoZW1hX3ZlcnNpb24iOiIxIn0=",
          "dependencies": [
            "aws_security_group.webapp-securitygroup",
            "aws_vpc.private-cloud"
          ]
        }
      ]
    },
    {
      "mode": "managed",
      "type": "aws_security_group",
      "name": "webapp-securitygroup",
      "provider": "provider[\"registry.terraform.io/hashicorp/aws\"]",
      "instances": [
        {
          "schema_version": 1,
          "attributes": {
            "arn": "arn:aws:ec2:us-east-1:487173517556:security-group/sg-0767d2012ca12c9ce",
            "description": "security group that allows ssh and all egress traffic",
            "egress": [
              {
                "cidr_blocks": [
                  "0.0.0.0/0"
                ],
                "description": "",
                "from_port": 0,
                "ipv6_cidr_blocks": [],
                "prefix_list_ids": [],
                "protocol": "-1",
                "security_groups": [],
                "self": false,
                "to_port": 0
              }
            ],
            "id": "sg-0767d2012ca12c9ce",
            "ingress": [
              {
                "cidr_blocks": [
                  "0.0.0.0/0"
                ],
                "description": "",
                "from_port": 22,
                "ipv6_cidr_blocks": [],
                "prefix_list_ids": [],
                "protocol": "tcp",
                "security_groups": [],
                "self": false,
                "to_port": 22
              },
              {
                "cidr_blocks": [
                  "0.0.0.0/0"
                ],
                "description": "",
                "from_port": 443,
                "ipv6_cidr_blocks": [],
                "prefix_list_ids": [],
                "protocol": "tcp",
                "security_groups": [],
                "self": false,
                "to_port": 443
              },
              {
                "cidr_blocks": [
                  "0.0.0.0/0"
                ],
                "description": "",
                "from_port": 80,
                "ipv6_cidr_blocks": [],
                "prefix_list_ids": [],
                "protocol": "tcp",
                "security_groups": [],
                "self": false,
                "to_port": 80
              }
            ],
            "name": "webapp-securitygroup",
            "name_prefix": "",
            "owner_id": "487173517556",
            "revoke_rules_on_delete": false,
            "tags": {
              "Environment": "production",
              "Project": "webapp"
            },
            "tags_all": {
              "Environment": "production",
              "Project": "webapp"
            },
            "timeouts": null,
            "vpc_id": "vpc-07040646923d582a6"
          },
          "sensitive_attributes": [],
          "private": "eyJlMmJmYjczMC1lY2FhLTExZTYtOGY4OC0zNDM2M2JjN2M0YzAiOnsiY3JlYXRlIjo2MDAwMDAwMDAwMDAsImRlbGV0ZSI6OTAwMDAwMDAwMDAwfSwic2NoZW1hX3ZlcnNpb24iOiIxIn0=",
          "dependencies": [
            "aws_vpc.private-cloud"
          ]
        }
      ]
    },
    {
      "mode": "managed",
      "type": "aws_subnet",
      "name": "private-subnet-1",
      "provider": "provider[\"registry.terraform.io/hashicorp/aws\"]",
      "instances": [
        {
          "schema_version": 1,
          "attributes": {
            "arn": "arn:aws:ec2:us-east-1:487173517556:subnet/subnet-06f4de41a1f3e6693",
            "assign_ipv6_address_on_creation": false,
            "availability_zone": "us-east-1a",
            "availability_zone_id": "use1-az6",
            "cidr_block": "10.0.2.0/24",
            "customer_owned_ipv4_pool": "",
            "enable_dns64": false,
            "enable_resource_name_dns_a_record_on_launch": false,
            "enable_resource_name_dns_aaaa_record_on_launch": false,
            "id": "subnet-06f4de41a1f3e6693",
            "ipv6_cidr_block": "",
            "ipv6_cidr_block_association_id": "",
            "ipv6_native": false,
            "map_customer_owned_ip_on_launch": false,
            "map_public_ip_on_launch": false,
            "outpost_arn": "",
            "owner_id": "487173517556",
            "private_dns_hostname_type_on_launch": "ip-name",
            "tags": {
              "Environment": "production",
              "Project": "webapp-migration"
            },
            "tags_all": {
              "Environment": "production",
              "Project": "webapp-migration"
            },
            "timeouts": null,
            "vpc_id": "vpc-07040646923d582a6"
          },
          "sensitive_attributes": [],
          "private": "eyJlMmJmYjczMC1lY2FhLTExZTYtOGY4OC0zNDM2M2JjN2M0YzAiOnsiY3JlYXRlIjo2MDAwMDAwMDAwMDAsImRlbGV0ZSI6MTIwMDAwMDAwMDAwMH0sInNjaGVtYV92ZXJzaW9uIjoiMSJ9",
          "dependencies": [
            "aws_vpc.private-cloud"
          ]
        }
      ]
    },
    {
      "mode": "managed",
      "type": "aws_subnet",
      "name": "public-subnet-1",
      "provider": "provider[\"registry.terraform.io/hashicorp/aws\"]",
      "instances": [
        {
          "schema_version": 1,
          "attributes": {
            "arn": "arn:aws:ec2:us-east-1:487173517556:subnet/subnet-0c14f0deb2ca3e97f",
            "assign_ipv6_address_on_creation": false,
            "availability_zone": "us-east-1a",
            "availability_zone_id": "use1-az6",
            "cidr_block": "10.0.1.0/24",
            "customer_owned_ipv4_pool": "",
            "enable_dns64": false,
            "enable_resource_name_dns_a_record_on_launch": false,
            "enable_resource_name_dns_aaaa_record_on_launch": false,
            "id": "subnet-0c14f0deb2ca3e97f",
            "ipv6_cidr_block": "",
            "ipv6_cidr_block_association_id": "",
            "ipv6_native": false,
            "map_customer_owned_ip_on_launch": false,
            "map_public_ip_on_launch": true,
            "outpost_arn": "",
            "owner_id": "487173517556",
            "private_dns_hostname_type_on_launch": "ip-name",
            "tags": {
              "Environment": "production",
              "Project": "webapp"
            },
            "tags_all": {
              "Environment": "production",
              "Project": "webapp"
            },
            "timeouts": null,
            "vpc_id": "vpc-07040646923d582a6"
          },
          "sensitive_attributes": [],
          "private": "eyJlMmJmYjczMC1lY2FhLTExZTYtOGY4OC0zNDM2M2JjN2M0YzAiOnsiY3JlYXRlIjo2MDAwMDAwMDAwMDAsImRlbGV0ZSI6MTIwMDAwMDAwMDAwMH0sInNjaGVtYV92ZXJzaW9uIjoiMSJ9",
          "dependencies": [
            "aws_vpc.private-cloud"
          ]
        }
      ]
    },
    {
      "mode": "managed",
      "type": "aws_subnet",
      "name": "public-subnet-2",
      "provider": "provider[\"registry.terraform.io/hashicorp/aws\"]",
      "instances": [
        {
          "schema_version": 1,
          "attributes": {
            "arn": "arn:aws:ec2:us-east-1:487173517556:subnet/subnet-068b07591b2830e20",
            "assign_ipv6_address_on_creation": false,
            "availability_zone": "us-east-1b",
            "availability_zone_id": "use1-az1",
            "cidr_block": "10.0.3.0/24",
            "customer_owned_ipv4_pool": "",
            "enable_dns64": false,
            "enable_resource_name_dns_a_record_on_launch": false,
            "enable_resource_name_dns_aaaa_record_on_launch": false,
            "id": "subnet-068b07591b2830e20",
            "ipv6_cidr_block": "",
            "ipv6_cidr_block_association_id": "",
            "ipv6_native": false,
            "map_customer_owned_ip_on_launch": false,
            "map_public_ip_on_launch": true,
            "outpost_arn": "",
            "owner_id": "487173517556",
            "private_dns_hostname_type_on_launch": "ip-name",
            "tags": {
              "Environment": "production",
              "Project": "webapp"
            },
            "tags_all": {
              "Environment": "production",
              "Project": "webapp"
            },
            "timeouts": null,
            "vpc_id": "vpc-07040646923d582a6"
          },
          "sensitive_attributes": [],
          "private": "eyJlMmJmYjczMC1lY2FhLTExZTYtOGY4OC0zNDM2M2JjN2M0YzAiOnsiY3JlYXRlIjo2MDAwMDAwMDAwMDAsImRlbGV0ZSI6MTIwMDAwMDAwMDAwMH0sInNjaGVtYV92ZXJzaW9uIjoiMSJ9",
          "dependencies": [
            "aws_vpc.private-cloud"
          ]
        }
      ]
    },
    {
      "mode": "managed",
      "type": "aws_volume_attachment",
      "name": "webapp-data-attachment",
      "provider": "provider[\"registry.terraform.io/hashicorp/aws\"]",
      "instances": [
        {
          "schema_version": 0,
          "attributes": {
            "device_name": "/dev/xvdh",
            "force_detach": null,
            "id": "vai-2598658990",
            "instance_id": "i-01efd273d57cc7795",
            "skip_destroy": true,
            "stop_instance_before_detaching": null,
            "timeouts": null,
            "volume_id": "vol-001fa0e338c3d7965"
          },
          "sensitive_attributes": [],
          "private": "eyJlMmJmYjczMC1lY2FhLTExZTYtOGY4OC0zNDM2M2JjN2M0YzAiOnsiY3JlYXRlIjozMDAwMDAwMDAwMDAsImRlbGV0ZSI6MzAwMDAwMDAwMDAwfX0=",
          "dependencies": [
            "aws_ebs_volume.webapp-data",
            "aws_instance.webapp-instance",
            "aws_key_pair.deployer",
            "aws_security_group.webapp-securitygroup",
            "aws_subnet.public-subnet-1",
            "aws_vpc.private-cloud"
          ]
        }
      ]
    },
    {
      "mode": "managed",
      "type": "aws_vpc",
      "name": "private-cloud",
      "provider": "provider[\"registry.terraform.io/hashicorp/aws\"]",
      "instances": [
        {
          "schema_version": 1,
          "attributes": {
            "arn": "arn:aws:ec2:us-east-1:487173517556:vpc/vpc-07040646923d582a6",
            "assign_generated_ipv6_cidr_block": false,
            "cidr_block": "10.0.0.0/16",
            "default_network_acl_id": "acl-0d4e8a14ef293c64b",
            "default_route_table_id": "rtb-08ecf6d1a804ea928",
            "default_security_group_id": "sg-078b3c1ec9517b78c",
            "dhcp_options_id": "dopt-0e69e6614bbec1de4",
            "enable_classiclink": false,
            "enable_classiclink_dns_support": false,
            "enable_dns_hostnames": true,
            "enable_dns_support": true,
            "id": "vpc-07040646923d582a6",
            "instance_tenancy": "default",
            "ipv4_ipam_pool_id": null,
            "ipv4_netmask_length": null,
            "ipv6_association_id": "",
            "ipv6_cidr_block": "",
            "ipv6_cidr_block_network_border_group": "",
            "ipv6_ipam_pool_id": "",
            "ipv6_netmask_length": 0,
            "main_route_table_id": "rtb-08ecf6d1a804ea928",
            "owner_id": "487173517556",
            "tags": {
              "Environment": "production",
              "Project": "webapp"
            },
            "tags_all": {
              "Environment": "production",
              "Project": "webapp"
            }
          },
          "sensitive_attributes": [],
          "private": "eyJzY2hlbWFfdmVyc2lvbiI6IjEifQ=="
        }
      ]
    },
    {
      "mode": "managed",
      "type": "random_string",
      "name": "bucket-name",
      "provider": "provider[\"registry.terraform.io/hashicorp/random\"]",
      "instances": [
        {
          "schema_version": 2,
          "attributes": {
            "id": "GoPD3vkRzkG9x1ud",
            "keepers": null,
            "length": 16,
            "lower": true,
            "min_lower": 0,
            "min_numeric": 0,
            "min_special": 0,
            "min_upper": 0,
            "number": true,
            "numeric": true,
            "override_special": null,
            "result": "GoPD3vkRzkG9x1ud",
            "special": false,
            "upper": true
          },
          "sensitive_attributes": [],
          "private": "eyJzY2hlbWFfdmVyc2lvbiI6IjIifQ=="
        }
      ]
    }
  ]
}
